{
  "nodes": {
    "nixpkgs": {
      "locked": {
        "lastModified": 1687730530,
        "narHash": "sha256-Lgeic7CdgzDRzEsDs+NQ//XfHUYmuU/2Bpun/LRFU8U=",
        "owner": "NixOS",
        "repo": "nixpkgs",
        "rev": "e3f793e5c698717833678fb2757f48dc7738dca7",
        "type": "github"
      },
      "original": {
        "owner": "NixOS",
        "repo": "nixpkgs",
        "type": "github"
      }
    },
    "root": {
      "inputs": {
        "nixpkgs": "nixpkgs"
      }
    }
  },
  "root": "root",
  "version": 7
}
