{
  "nodes": {
    "nixpkgs": {
      "locked": {
        "lastModified": 1702003655,
        "narHash": "sha256-J0ZXNTDG4ZDB8PU0njha8xf7CZ0qSrYB0hHhzgEkOpI=",
        "owner": "NixOS",
        "repo": "nixpkgs",
        "rev": "f63903a90faf6cce169eb2bcc93fb45c457b1d31",
        "type": "github"
      },
      "original": {
        "owner": "NixOS",
        "repo": "nixpkgs",
        "type": "github"
      }
    },
    "root": {
      "inputs": {
        "nixpkgs": "nixpkgs"
      }
    }
  },
  "root": "root",
  "version": 7
}
